
Microsoft Visual Studio Solution File, Format Version 12.00
# Visual Studio Version 17
VisualStudioVersion = 17.0.31919.166
MinimumVisualStudioVersion = 10.0.40219.1
Project("{FAE04EC0-301F-11D3-BF4B-00C04F79EFBC}") = "TechnicalTest", "TechnicalTest\TechnicalTest.csproj", "{8199BF62-1A34-4639-AE72-D52D760DBD5A}"
EndProject
Project("{FAE04EC0-301F-11D3-BF4B-00C04F79EFBC}") = "TechnicalTestUnitTest", "TechnicalTestUnitTest\TechnicalTestUnitTest.csproj", "{328732B4-0A15-448A-BC06-BB5A77C3FF4F}"
EndProject
Global
	GlobalSection(SolutionConfigurationPlatforms) = preSolution
		Debug|Any CPU = Debug|Any CPU
		Release|Any CPU = Release|Any CPU
	EndGlobalSection
	GlobalSection(ProjectConfigurationPlatforms) = postSolution
		{8199BF62-1A34-4639-AE72-D52D760DBD5A}.Debug|Any CPU.ActiveCfg = Debug|Any CPU
		{8199BF62-1A34-4639-AE72-D52D760DBD5A}.Debug|Any CPU.Build.0 = Debug|Any CPU
		{8199BF62-1A34-4639-AE72-D52D760DBD5A}.Release|Any CPU.ActiveCfg = Release|Any CPU
		{8199BF62-1A34-4639-AE72-D52D760DBD5A}.Release|Any CPU.Build.0 = Release|Any CPU
		{328732B4-0A15-448A-BC06-BB5A77C3FF4F}.Debug|Any CPU.ActiveCfg = Debug|Any CPU
		{328732B4-0A15-448A-BC06-BB5A77C3FF4F}.Debug|Any CPU.Build.0 = Debug|Any CPU
		{328732B4-0A15-448A-BC06-BB5A77C3FF4F}.Release|Any CPU.ActiveCfg = Release|Any CPU
		{328732B4-0A15-448A-BC06-BB5A77C3FF4F}.Release|Any CPU.Build.0 = Release|Any CPU
	EndGlobalSection
	GlobalSection(SolutionProperties) = preSolution
		HideSolutionNode = FALSE
	EndGlobalSection
	GlobalSection(ExtensibilityGlobals) = postSolution
		SolutionGuid = {14F21E29-27A1-4429-A0F3-2399FE3E9B84}
	EndGlobalSection
EndGlobal
